{
  "name": "learnFp",
  "lockfileVersion": 3,
  "requires": true,
  "packages": {
    "": {
      "dependencies": {
        "partial-js": "^1.1.8",
        "partial.js": "^1.4.0"
      }
    },
    "node_modules/partial-js": {
      "version": "1.1.8",
      "resolved": "https://registry.npmjs.org/partial-js/-/partial-js-1.1.8.tgz",
      "integrity": "sha512-weEU2aREvG4T54aaloNYlmW198A/7V/xDLi4+c0tIBBLZcnW0LXLo/N03PlmzK7qbYeL5t/VerV3PzvNMmgqmg==",
      "deprecated": "upgrade to fxjs (https://github.com/marpple/FxJS)"
    },
    "node_modules/partial.js": {
      "version": "1.4.0",
      "resolved": "https://registry.npmjs.org/partial.js/-/partial.js-1.4.0.tgz",
      "integrity": "sha512-wgVrWEMJLjMTEUEfhmBWJsNdYYDK/Z/qcNvZ3fiikGKjZsidqVkWi2OF16+rIGbTD4+m9wNN0ZJjXPEs1WEFZA==",
      "bin": {
        "partial.js": "bin/partial"
      },
      "engines": {
        "node": ">=0.8.0"
      }
    }
  }
}
